
Microsoft Visual Studio Solution File, Format Version 12.00
# Visual Studio Version 17
VisualStudioVersion = 17.0.31903.59
MinimumVisualStudioVersion = 10.0.40219.1
Project("{2150E333-8FDC-42A3-9474-1A3956D46DE8}") = "src", "src", "{827E0CD3-B72D-47B6-A68D-7590B98EB39B}"
EndProject
Project("{2150E333-8FDC-42A3-9474-1A3956D46DE8}") = "01-Fundamentals", "01-Fundamentals", "{73744FED-F0C2-1503-7822-91904E89BEDF}"
EndProject
Project("{FAE04EC0-301F-11D3-BF4B-00C04F79EFBC}") = "Fundamentals", "src\01-Fundamentals\Fundamentals\Fundamentals.csproj", "{B9E97E9F-CBDC-4F18-A94A-AFBF7B7C8DB1}"
EndProject
Project("{2150E333-8FDC-42A3-9474-1A3956D46DE8}") = "02-OOP", "02-OOP", "{B9B034FE-01A6-0C3B-CC98-989544457811}"
EndProject
Project("{FAE04EC0-301F-11D3-BF4B-00C04F79EFBC}") = "OOPExercises", "src\02-OOP\OOPExercises\OOPExercises.csproj", "{C4757681-E809-43C1-8476-385D1640A21E}"
EndProject
Project("{2150E333-8FDC-42A3-9474-1A3956D46DE8}") = "03-Collections", "03-Collections", "{3F8F89FA-E50A-06B8-21C8-CF2F9AF05B00}"
EndProject
Project("{FAE04EC0-301F-11D3-BF4B-00C04F79EFBC}") = "CollectionsExercises", "src\03-Collections\CollectionsExercises\CollectionsExercises.csproj", "{E9CB97F5-00F6-45A9-A912-8A47D2E41DEB}"
EndProject
Project("{2150E333-8FDC-42A3-9474-1A3956D46DE8}") = "04-LINQ", "04-LINQ", "{9F6CE0E0-8D86-EA48-360E-DC1709A02005}"
EndProject
Project("{FAE04EC0-301F-11D3-BF4B-00C04F79EFBC}") = "LINQExercises", "src\04-LINQ\LINQExercises\LINQExercises.csproj", "{C3143DC5-EA98-43D8-B286-F3C30DFA99F3}"
EndProject
Project("{2150E333-8FDC-42A3-9474-1A3956D46DE8}") = "05-Async", "05-Async", "{146C2190-3569-6AE0-2E76-A01F1FA27E03}"
EndProject
Project("{FAE04EC0-301F-11D3-BF4B-00C04F79EFBC}") = "AsyncExercises", "src\05-Async\AsyncExercises\AsyncExercises.csproj", "{61EBA437-D7EC-4CEC-8DB8-D29ADC15E372}"
EndProject
Global
	GlobalSection(SolutionConfigurationPlatforms) = preSolution
		Debug|Any CPU = Debug|Any CPU
		Debug|x64 = Debug|x64
		Debug|x86 = Debug|x86
		Release|Any CPU = Release|Any CPU
		Release|x64 = Release|x64
		Release|x86 = Release|x86
	EndGlobalSection
	GlobalSection(ProjectConfigurationPlatforms) = postSolution
		{B9E97E9F-CBDC-4F18-A94A-AFBF7B7C8DB1}.Debug|Any CPU.ActiveCfg = Debug|Any CPU
		{B9E97E9F-CBDC-4F18-A94A-AFBF7B7C8DB1}.Debug|Any CPU.Build.0 = Debug|Any CPU
		{B9E97E9F-CBDC-4F18-A94A-AFBF7B7C8DB1}.Debug|x64.ActiveCfg = Debug|Any CPU
		{B9E97E9F-CBDC-4F18-A94A-AFBF7B7C8DB1}.Debug|x64.Build.0 = Debug|Any CPU
		{B9E97E9F-CBDC-4F18-A94A-AFBF7B7C8DB1}.Debug|x86.ActiveCfg = Debug|Any CPU
		{B9E97E9F-CBDC-4F18-A94A-AFBF7B7C8DB1}.Debug|x86.Build.0 = Debug|Any CPU
		{B9E97E9F-CBDC-4F18-A94A-AFBF7B7C8DB1}.Release|Any CPU.ActiveCfg = Release|Any CPU
		{B9E97E9F-CBDC-4F18-A94A-AFBF7B7C8DB1}.Release|Any CPU.Build.0 = Release|Any CPU
		{B9E97E9F-CBDC-4F18-A94A-AFBF7B7C8DB1}.Release|x64.ActiveCfg = Release|Any CPU
		{B9E97E9F-CBDC-4F18-A94A-AFBF7B7C8DB1}.Release|x64.Build.0 = Release|Any CPU
		{B9E97E9F-CBDC-4F18-A94A-AFBF7B7C8DB1}.Release|x86.ActiveCfg = Release|Any CPU
		{B9E97E9F-CBDC-4F18-A94A-AFBF7B7C8DB1}.Release|x86.Build.0 = Release|Any CPU
		{C4757681-E809-43C1-8476-385D1640A21E}.Debug|Any CPU.ActiveCfg = Debug|Any CPU
		{C4757681-E809-43C1-8476-385D1640A21E}.Debug|Any CPU.Build.0 = Debug|Any CPU
		{C4757681-E809-43C1-8476-385D1640A21E}.Debug|x64.ActiveCfg = Debug|Any CPU
		{C4757681-E809-43C1-8476-385D1640A21E}.Debug|x64.Build.0 = Debug|Any CPU
		{C4757681-E809-43C1-8476-385D1640A21E}.Debug|x86.ActiveCfg = Debug|Any CPU
		{C4757681-E809-43C1-8476-385D1640A21E}.Debug|x86.Build.0 = Debug|Any CPU
		{C4757681-E809-43C1-8476-385D1640A21E}.Release|Any CPU.ActiveCfg = Release|Any CPU
		{C4757681-E809-43C1-8476-385D1640A21E}.Release|Any CPU.Build.0 = Release|Any CPU
		{C4757681-E809-43C1-8476-385D1640A21E}.Release|x64.ActiveCfg = Release|Any CPU
		{C4757681-E809-43C1-8476-385D1640A21E}.Release|x64.Build.0 = Release|Any CPU
		{C4757681-E809-43C1-8476-385D1640A21E}.Release|x86.ActiveCfg = Release|Any CPU
		{C4757681-E809-43C1-8476-385D1640A21E}.Release|x86.Build.0 = Release|Any CPU
		{E9CB97F5-00F6-45A9-A912-8A47D2E41DEB}.Debug|Any CPU.ActiveCfg = Debug|Any CPU
		{E9CB97F5-00F6-45A9-A912-8A47D2E41DEB}.Debug|Any CPU.Build.0 = Debug|Any CPU
		{E9CB97F5-00F6-45A9-A912-8A47D2E41DEB}.Debug|x64.ActiveCfg = Debug|Any CPU
		{E9CB97F5-00F6-45A9-A912-8A47D2E41DEB}.Debug|x64.Build.0 = Debug|Any CPU
		{E9CB97F5-00F6-45A9-A912-8A47D2E41DEB}.Debug|x86.ActiveCfg = Debug|Any CPU
		{E9CB97F5-00F6-45A9-A912-8A47D2E41DEB}.Debug|x86.Build.0 = Debug|Any CPU
		{E9CB97F5-00F6-45A9-A912-8A47D2E41DEB}.Release|Any CPU.ActiveCfg = Release|Any CPU
		{E9CB97F5-00F6-45A9-A912-8A47D2E41DEB}.Release|Any CPU.Build.0 = Release|Any CPU
		{E9CB97F5-00F6-45A9-A912-8A47D2E41DEB}.Release|x64.ActiveCfg = Release|Any CPU
		{E9CB97F5-00F6-45A9-A912-8A47D2E41DEB}.Release|x64.Build.0 = Release|Any CPU
		{E9CB97F5-00F6-45A9-A912-8A47D2E41DEB}.Release|x86.ActiveCfg = Release|Any CPU
		{E9CB97F5-00F6-45A9-A912-8A47D2E41DEB}.Release|x86.Build.0 = Release|Any CPU
		{C3143DC5-EA98-43D8-B286-F3C30DFA99F3}.Debug|Any CPU.ActiveCfg = Debug|Any CPU
		{C3143DC5-EA98-43D8-B286-F3C30DFA99F3}.Debug|Any CPU.Build.0 = Debug|Any CPU
		{C3143DC5-EA98-43D8-B286-F3C30DFA99F3}.Debug|x64.ActiveCfg = Debug|Any CPU
		{C3143DC5-EA98-43D8-B286-F3C30DFA99F3}.Debug|x64.Build.0 = Debug|Any CPU
		{C3143DC5-EA98-43D8-B286-F3C30DFA99F3}.Debug|x86.ActiveCfg = Debug|Any CPU
		{C3143DC5-EA98-43D8-B286-F3C30DFA99F3}.Debug|x86.Build.0 = Debug|Any CPU
		{C3143DC5-EA98-43D8-B286-F3C30DFA99F3}.Release|Any CPU.ActiveCfg = Release|Any CPU
		{C3143DC5-EA98-43D8-B286-F3C30DFA99F3}.Release|Any CPU.Build.0 = Release|Any CPU
		{C3143DC5-EA98-43D8-B286-F3C30DFA99F3}.Release|x64.ActiveCfg = Release|Any CPU
		{C3143DC5-EA98-43D8-B286-F3C30DFA99F3}.Release|x64.Build.0 = Release|Any CPU
		{C3143DC5-EA98-43D8-B286-F3C30DFA99F3}.Release|x86.ActiveCfg = Release|Any CPU
		{C3143DC5-EA98-43D8-B286-F3C30DFA99F3}.Release|x86.Build.0 = Release|Any CPU
		{61EBA437-D7EC-4CEC-8DB8-D29ADC15E372}.Debug|Any CPU.ActiveCfg = Debug|Any CPU
		{61EBA437-D7EC-4CEC-8DB8-D29ADC15E372}.Debug|Any CPU.Build.0 = Debug|Any CPU
		{61EBA437-D7EC-4CEC-8DB8-D29ADC15E372}.Debug|x64.ActiveCfg = Debug|Any CPU
		{61EBA437-D7EC-4CEC-8DB8-D29ADC15E372}.Debug|x64.Build.0 = Debug|Any CPU
		{61EBA437-D7EC-4CEC-8DB8-D29ADC15E372}.Debug|x86.ActiveCfg = Debug|Any CPU
		{61EBA437-D7EC-4CEC-8DB8-D29ADC15E372}.Debug|x86.Build.0 = Debug|Any CPU
		{61EBA437-D7EC-4CEC-8DB8-D29ADC15E372}.Release|Any CPU.ActiveCfg = Release|Any CPU
		{61EBA437-D7EC-4CEC-8DB8-D29ADC15E372}.Release|Any CPU.Build.0 = Release|Any CPU
		{61EBA437-D7EC-4CEC-8DB8-D29ADC15E372}.Release|x64.ActiveCfg = Release|Any CPU
		{61EBA437-D7EC-4CEC-8DB8-D29ADC15E372}.Release|x64.Build.0 = Release|Any CPU
		{61EBA437-D7EC-4CEC-8DB8-D29ADC15E372}.Release|x86.ActiveCfg = Release|Any CPU
		{61EBA437-D7EC-4CEC-8DB8-D29ADC15E372}.Release|x86.Build.0 = Release|Any CPU
	EndGlobalSection
	GlobalSection(SolutionProperties) = preSolution
		HideSolutionNode = FALSE
	EndGlobalSection
	GlobalSection(NestedProjects) = preSolution
		{73744FED-F0C2-1503-7822-91904E89BEDF} = {827E0CD3-B72D-47B6-A68D-7590B98EB39B}
		{B9E97E9F-CBDC-4F18-A94A-AFBF7B7C8DB1} = {73744FED-F0C2-1503-7822-91904E89BEDF}
		{B9B034FE-01A6-0C3B-CC98-989544457811} = {827E0CD3-B72D-47B6-A68D-7590B98EB39B}
		{C4757681-E809-43C1-8476-385D1640A21E} = {B9B034FE-01A6-0C3B-CC98-989544457811}
		{3F8F89FA-E50A-06B8-21C8-CF2F9AF05B00} = {827E0CD3-B72D-47B6-A68D-7590B98EB39B}
		{E9CB97F5-00F6-45A9-A912-8A47D2E41DEB} = {3F8F89FA-E50A-06B8-21C8-CF2F9AF05B00}
		{9F6CE0E0-8D86-EA48-360E-DC1709A02005} = {827E0CD3-B72D-47B6-A68D-7590B98EB39B}
		{C3143DC5-EA98-43D8-B286-F3C30DFA99F3} = {9F6CE0E0-8D86-EA48-360E-DC1709A02005}
		{146C2190-3569-6AE0-2E76-A01F1FA27E03} = {827E0CD3-B72D-47B6-A68D-7590B98EB39B}
		{61EBA437-D7EC-4CEC-8DB8-D29ADC15E372} = {146C2190-3569-6AE0-2E76-A01F1FA27E03}
	EndGlobalSection
EndGlobal
