Microsoft Visual Studio Solution File, Format Version 12.00
# Visual Studio Version 17
VisualStudioVersion = 17.5.2.0
MinimumVisualStudioVersion = 10.0.40219.1
Project("{FAE04EC0-301F-11D3-BF4B-00C04F79EFBC}") = "Class-4", "Class-4.csproj", "{597A9F95-C23B-AF77-C4AB-AC3EE6BF4CD1}"
EndProject
Global
	GlobalSection(SolutionConfigurationPlatforms) = preSolution
		Debug|Any CPU = Debug|Any CPU
		Release|Any CPU = Release|Any CPU
	EndGlobalSection
	GlobalSection(ProjectConfigurationPlatforms) = postSolution
		{597A9F95-C23B-AF77-C4AB-AC3EE6BF4CD1}.Debug|Any CPU.ActiveCfg = Debug|Any CPU
		{597A9F95-C23B-AF77-C4AB-AC3EE6BF4CD1}.Debug|Any CPU.Build.0 = Debug|Any CPU
		{597A9F95-C23B-AF77-C4AB-AC3EE6BF4CD1}.Release|Any CPU.ActiveCfg = Release|Any CPU
		{597A9F95-C23B-AF77-C4AB-AC3EE6BF4CD1}.Release|Any CPU.Build.0 = Release|Any CPU
	EndGlobalSection
	GlobalSection(SolutionProperties) = preSolution
		HideSolutionNode = FALSE
	EndGlobalSection
	GlobalSection(ExtensibilityGlobals) = postSolution
		SolutionGuid = {D2899288-A6F9-4BE7-8FAC-1B70F11DA072}
	EndGlobalSection
EndGlobal
